
Microsoft Visual Studio Solution File, Format Version 12.00
# Visual Studio 15
VisualStudioVersion = 15.0.27130.2024
MinimumVisualStudioVersion = 10.0.40219.1
Project("{FAE04EC0-301F-11D3-BF4B-00C04F79EFBC}") = "CreativeCravings", "CreativeCravings\CreativeCravings.csproj", "{DB5FFB7E-1A3E-4612-9208-720E8D17FFFE}"
EndProject
Project("{FAE04EC0-301F-11D3-BF4B-00C04F79EFBC}") = "CreativeCravings.Tests", "CreativeCravings.Tests\CreativeCravings.Tests.csproj", "{1C3D8649-FBBF-4482-8691-23669A8BF39D}"
EndProject
Global
	GlobalSection(SolutionConfigurationPlatforms) = preSolution
		Debug|Any CPU = Debug|Any CPU
		Release|Any CPU = Release|Any CPU
	EndGlobalSection
	GlobalSection(ProjectConfigurationPlatforms) = postSolution
		{DB5FFB7E-1A3E-4612-9208-720E8D17FFFE}.Debug|Any CPU.ActiveCfg = Debug|Any CPU
		{DB5FFB7E-1A3E-4612-9208-720E8D17FFFE}.Debug|Any CPU.Build.0 = Debug|Any CPU
		{DB5FFB7E-1A3E-4612-9208-720E8D17FFFE}.Release|Any CPU.ActiveCfg = Release|Any CPU
		{DB5FFB7E-1A3E-4612-9208-720E8D17FFFE}.Release|Any CPU.Build.0 = Release|Any CPU
		{1C3D8649-FBBF-4482-8691-23669A8BF39D}.Debug|Any CPU.ActiveCfg = Debug|Any CPU
		{1C3D8649-FBBF-4482-8691-23669A8BF39D}.Debug|Any CPU.Build.0 = Debug|Any CPU
		{1C3D8649-FBBF-4482-8691-23669A8BF39D}.Release|Any CPU.ActiveCfg = Release|Any CPU
		{1C3D8649-FBBF-4482-8691-23669A8BF39D}.Release|Any CPU.Build.0 = Release|Any CPU
	EndGlobalSection
	GlobalSection(SolutionProperties) = preSolution
		HideSolutionNode = FALSE
	EndGlobalSection
	GlobalSection(ExtensibilityGlobals) = postSolution
		SolutionGuid = {50C2B9B4-611E-4A34-A943-1B1E36104F1E}
	EndGlobalSection
EndGlobal
